PODS:
  - MSAL (1.0.2):
    - MSAL/app-lib (= 1.0.2)
  - MSAL/app-lib (1.0.2)
  - MSGraphClientModels (1.3.0)
  - MSGraphClientSDK (1.0.0):
    - MSGraphClientSDK/Authentication (= 1.0.0)
    - MSGraphClientSDK/Common (= 1.0.0)
  - MSGraphClientSDK/Authentication (1.0.0)
  - MSGraphClientSDK/Common (1.0.0):
    - MSGraphClientSDK/Authentication

DEPENDENCIES:
  - MSAL (~> 1.0.2)
  - MSGraphClientModels (~> 1.3.0)
  - MSGraphClientSDK (~> 1.0.0)

SPEC REPOS:
  trunk:
    - MSAL
    - MSGraphClientModels
    - MSGraphClientSDK

SPEC CHECKSUMS:
  MSAL: e63c1483f2f291717b94891ee8b201f6f91d6d41
  MSGraphClientModels: ffef6d0a1cdaa774e1689e38da35301cb74fc72a
  MSGraphClientSDK: ffc07a58a838e0702c7bf2a856367035d4a335d7

PODFILE CHECKSUM: cacc2583cb7051eedbb19930f810829ea5efb8bd

COCOAPODS: 1.8.4
