PODS:
  - MSAL (1.2.8):
    - MSAL/app-lib (= 1.2.8)
  - MSAL/app-lib (1.2.8)
  - MSGraphClientModels (1.3.0)
  - MSGraphClientSDK (1.0.0):
    - MSGraphClientSDK/Authentication (= 1.0.0)
    - MSGraphClientSDK/Common (= 1.0.0)
  - MSGraphClientSDK/Authentication (1.0.0)
  - MSGraphClientSDK/Common (1.0.0):
    - MSGraphClientSDK/Authentication

DEPENDENCIES:
  - MSAL (~> 1.2.8)
  - MSGraphClientModels (~> 1.3.0)
  - MSGraphClientSDK (~> 1.0.0)

SPEC REPOS:
  trunk:
    - MSAL
    - MSGraphClientModels
    - MSGraphClientSDK

SPEC CHECKSUMS:
  MSAL: 03b3ea894784978b4fe512240023058fdc701095
  MSGraphClientModels: ffef6d0a1cdaa774e1689e38da35301cb74fc72a
  MSGraphClientSDK: ffc07a58a838e0702c7bf2a856367035d4a335d7

PODFILE CHECKSUM: 63115685df4bbd98013fbf7efda9086530af5c49

COCOAPODS: 1.11.3
