PODS:
  - MSAL (1.1.1):
    - MSAL/app-lib (= 1.1.1)
  - MSAL/app-lib (1.1.1)
  - MSGraphClientModels (1.3.0)
  - MSGraphClientSDK (1.0.0):
    - MSGraphClientSDK/Authentication (= 1.0.0)
    - MSGraphClientSDK/Common (= 1.0.0)
  - MSGraphClientSDK/Authentication (1.0.0)
  - MSGraphClientSDK/Common (1.0.0):
    - MSGraphClientSDK/Authentication

DEPENDENCIES:
  - MSAL (~> 1.1.1)
  - MSGraphClientModels (~> 1.3.0)
  - MSGraphClientSDK (~> 1.0.0)

SPEC REPOS:
  trunk:
    - MSAL
    - MSGraphClientModels
    - MSGraphClientSDK

SPEC CHECKSUMS:
  MSAL: fc285766516832fbdf4f01f564fe530ef574d68c
  MSGraphClientModels: ffef6d0a1cdaa774e1689e38da35301cb74fc72a
  MSGraphClientSDK: ffc07a58a838e0702c7bf2a856367035d4a335d7

PODFILE CHECKSUM: 8f6d20defb1337cbece4ecc79fa75def768f0c17

COCOAPODS: 1.9.1
