// !$*UTF8*$!
{
	archiveVersion = 1;
	classes = {
	};
	objectVersion = 51;
	objects = {

/* Begin PBXBuildFile section */
		1B0BF4608C461736F7ACE76F /* Pods_GraphTutorial.framework in Frameworks */ = {isa = PBXBuildFile; fileRef = 0D519A0E9ECA2B5F3638185F /* Pods_GraphTutorial.framework */; };
		34964F0BE973494DBA316DDE /* Pods_GraphTutorialUITests.framework in Frameworks */ = {isa = PBXBuildFile; fileRef = F1E83861E9959736F148E54F /* Pods_GraphTutorialUITests.framework */; };
		967354842306064F00DB3083 /* AppDelegate.swift in Sources */ = {isa = PBXBuildFile; fileRef = 967354832306064F00DB3083 /* AppDelegate.swift */; };
		967354862306064F00DB3083 /* SignInViewController.swift in Sources */ = {isa = PBXBuildFile; fileRef = 967354852306064F00DB3083 /* SignInViewController.swift */; };
		967354892306064F00DB3083 /* Main.storyboard in Resources */ = {isa = PBXBuildFile; fileRef = 967354872306064F00DB3083 /* Main.storyboard */; };
		9673548B2306064F00DB3083 /* Assets.xcassets in Resources */ = {isa = PBXBuildFile; fileRef = 9673548A2306064F00DB3083 /* Assets.xcassets */; };
		9673548E2306064F00DB3083 /* LaunchScreen.storyboard in Resources */ = {isa = PBXBuildFile; fileRef = 9673548C2306064F00DB3083 /* LaunchScreen.storyboard */; };
		967354992306065000DB3083 /* GraphTutorialTests.swift in Sources */ = {isa = PBXBuildFile; fileRef = 967354982306065000DB3083 /* GraphTutorialTests.swift */; };
		967354A42306065000DB3083 /* GraphTutorialUITests.swift in Sources */ = {isa = PBXBuildFile; fileRef = 967354A32306065000DB3083 /* GraphTutorialUITests.swift */; };
		96A6709B230B0C26001D4C34 /* AuthenticationManager.swift in Sources */ = {isa = PBXBuildFile; fileRef = 96A6709A230B0C26001D4C34 /* AuthenticationManager.swift */; };
		96D924E6230B308100B03E6F /* AuthSettings.plist in Resources */ = {isa = PBXBuildFile; fileRef = 96D924E5230B308100B03E6F /* AuthSettings.plist */; };
		96D924E8230B3CB800B03E6F /* GraphManager.swift in Sources */ = {isa = PBXBuildFile; fileRef = 96D924E7230B3CB800B03E6F /* GraphManager.swift */; };
		96E34D0F230C4E04002A31DB /* CalendarTableViewCell.swift in Sources */ = {isa = PBXBuildFile; fileRef = 96E34D0E230C4E04002A31DB /* CalendarTableViewCell.swift */; };
		96FCBFF32306EEF100A22E4E /* WelcomeViewController.swift in Sources */ = {isa = PBXBuildFile; fileRef = 96FCBFF22306EEF100A22E4E /* WelcomeViewController.swift */; };
		96FCBFF523073CC200A22E4E /* CalendarViewController.swift in Sources */ = {isa = PBXBuildFile; fileRef = 96FCBFF423073CC200A22E4E /* CalendarViewController.swift */; };
		96FCBFF723074AAD00A22E4E /* SpinnerViewController.swift in Sources */ = {isa = PBXBuildFile; fileRef = 96FCBFF623074AAD00A22E4E /* SpinnerViewController.swift */; };
		AFC39416370CE0CE31B64593 /* Pods_GraphTutorialTests.framework in Frameworks */ = {isa = PBXBuildFile; fileRef = 3E5D1BBFE43CC4A971E7831C /* Pods_GraphTutorialTests.framework */; };
/* End PBXBuildFile section */

/* Begin PBXContainerItemProxy section */
		967354952306065000DB3083 /* PBXContainerItemProxy */ = {
			isa = PBXContainerItemProxy;
			containerPortal = 967354782306064F00DB3083 /* Project object */;
			proxyType = 1;
			remoteGlobalIDString = 9673547F2306064F00DB3083;
			remoteInfo = GraphTutorial;
		};
		967354A02306065000DB3083 /* PBXContainerItemProxy */ = {
			isa = PBXContainerItemProxy;
			containerPortal = 967354782306064F00DB3083 /* Project object */;
			proxyType = 1;
			remoteGlobalIDString = 9673547F2306064F00DB3083;
			remoteInfo = GraphTutorial;
		};
/* End PBXContainerItemProxy section */

/* Begin PBXFileReference section */
		01CA2DB6682D12C9BCE8D764 /* Pods-GraphTutorialUITests.debug.xcconfig */ = {isa = PBXFileReference; includeInIndex = 1; lastKnownFileType = text.xcconfig; name = "Pods-GraphTutorialUITests.debug.xcconfig"; path = "Target Support Files/Pods-GraphTutorialUITests/Pods-GraphTutorialUITests.debug.xcconfig"; sourceTree = "<group>"; };
		0D519A0E9ECA2B5F3638185F /* Pods_GraphTutorial.framework */ = {isa = PBXFileReference; explicitFileType = wrapper.framework; includeInIndex = 0; path = Pods_GraphTutorial.framework; sourceTree = BUILT_PRODUCTS_DIR; };
		3E5D1BBFE43CC4A971E7831C /* Pods_GraphTutorialTests.framework */ = {isa = PBXFileReference; explicitFileType = wrapper.framework; includeInIndex = 0; path = Pods_GraphTutorialTests.framework; sourceTree = BUILT_PRODUCTS_DIR; };
		63B79B579FA2AB5AAA2F208A /* Pods-GraphTutorial.debug.xcconfig */ = {isa = PBXFileReference; includeInIndex = 1; lastKnownFileType = text.xcconfig; name = "Pods-GraphTutorial.debug.xcconfig"; path = "Target Support Files/Pods-GraphTutorial/Pods-GraphTutorial.debug.xcconfig"; sourceTree = "<group>"; };
		6E1BD0DA6F6C85C28DB9DA47 /* Pods-GraphTutorialUITests.release.xcconfig */ = {isa = PBXFileReference; includeInIndex = 1; lastKnownFileType = text.xcconfig; name = "Pods-GraphTutorialUITests.release.xcconfig"; path = "Target Support Files/Pods-GraphTutorialUITests/Pods-GraphTutorialUITests.release.xcconfig"; sourceTree = "<group>"; };
		7AFB2B75336E524CF415CF74 /* Pods-GraphTutorial.release.xcconfig */ = {isa = PBXFileReference; includeInIndex = 1; lastKnownFileType = text.xcconfig; name = "Pods-GraphTutorial.release.xcconfig"; path = "Target Support Files/Pods-GraphTutorial/Pods-GraphTutorial.release.xcconfig"; sourceTree = "<group>"; };
		858DF0B273CBA9AC5EE7DF27 /* Pods-GraphTutorialTests.release.xcconfig */ = {isa = PBXFileReference; includeInIndex = 1; lastKnownFileType = text.xcconfig; name = "Pods-GraphTutorialTests.release.xcconfig"; path = "Target Support Files/Pods-GraphTutorialTests/Pods-GraphTutorialTests.release.xcconfig"; sourceTree = "<group>"; };
		8A62DC93CCE88F63A55A91C1 /* Pods-GraphTutorialTests.debug.xcconfig */ = {isa = PBXFileReference; includeInIndex = 1; lastKnownFileType = text.xcconfig; name = "Pods-GraphTutorialTests.debug.xcconfig"; path = "Target Support Files/Pods-GraphTutorialTests/Pods-GraphTutorialTests.debug.xcconfig"; sourceTree = "<group>"; };
		967354802306064F00DB3083 /* GraphTutorial.app */ = {isa = PBXFileReference; explicitFileType = wrapper.application; includeInIndex = 0; path = GraphTutorial.app; sourceTree = BUILT_PRODUCTS_DIR; };
		967354832306064F00DB3083 /* AppDelegate.swift */ = {isa = PBXFileReference; lastKnownFileType = sourcecode.swift; path = AppDelegate.swift; sourceTree = "<group>"; };
		967354852306064F00DB3083 /* SignInViewController.swift */ = {isa = PBXFileReference; lastKnownFileType = sourcecode.swift; path = SignInViewController.swift; sourceTree = "<group>"; };
		967354882306064F00DB3083 /* Base */ = {isa = PBXFileReference; lastKnownFileType = file.storyboard; name = Base; path = Base.lproj/Main.storyboard; sourceTree = "<group>"; };
		9673548A2306064F00DB3083 /* Assets.xcassets */ = {isa = PBXFileReference; lastKnownFileType = folder.assetcatalog; path = Assets.xcassets; sourceTree = "<group>"; };
		9673548D2306064F00DB3083 /* Base */ = {isa = PBXFileReference; lastKnownFileType = file.storyboard; name = Base; path = Base.lproj/LaunchScreen.storyboard; sourceTree = "<group>"; };
		9673548F2306064F00DB3083 /* Info.plist */ = {isa = PBXFileReference; lastKnownFileType = text.plist.xml; path = Info.plist; sourceTree = "<group>"; };
		967354942306065000DB3083 /* GraphTutorialTests.xctest */ = {isa = PBXFileReference; explicitFileType = wrapper.cfbundle; includeInIndex = 0; path = GraphTutorialTests.xctest; sourceTree = BUILT_PRODUCTS_DIR; };
		967354982306065000DB3083 /* GraphTutorialTests.swift */ = {isa = PBXFileReference; lastKnownFileType = sourcecode.swift; path = GraphTutorialTests.swift; sourceTree = "<group>"; };
		9673549A2306065000DB3083 /* Info.plist */ = {isa = PBXFileReference; lastKnownFileType = text.plist.xml; path = Info.plist; sourceTree = "<group>"; };
		9673549F2306065000DB3083 /* GraphTutorialUITests.xctest */ = {isa = PBXFileReference; explicitFileType = wrapper.cfbundle; includeInIndex = 0; path = GraphTutorialUITests.xctest; sourceTree = BUILT_PRODUCTS_DIR; };
		967354A32306065000DB3083 /* GraphTutorialUITests.swift */ = {isa = PBXFileReference; lastKnownFileType = sourcecode.swift; path = GraphTutorialUITests.swift; sourceTree = "<group>"; };
		967354A52306065000DB3083 /* Info.plist */ = {isa = PBXFileReference; lastKnownFileType = text.plist.xml; path = Info.plist; sourceTree = "<group>"; };
		96A6709A230B0C26001D4C34 /* AuthenticationManager.swift */ = {isa = PBXFileReference; lastKnownFileType = sourcecode.swift; path = AuthenticationManager.swift; sourceTree = "<group>"; };
		96B013CA237DE06800E728C0 /* GraphTutorial.entitlements */ = {isa = PBXFileReference; lastKnownFileType = text.plist.entitlements; path = GraphTutorial.entitlements; sourceTree = "<group>"; };
		96D924E5230B308100B03E6F /* AuthSettings.plist */ = {isa = PBXFileReference; lastKnownFileType = text.plist.xml; path = AuthSettings.plist; sourceTree = "<group>"; };
		96D924E7230B3CB800B03E6F /* GraphManager.swift */ = {isa = PBXFileReference; lastKnownFileType = sourcecode.swift; path = GraphManager.swift; sourceTree = "<group>"; };
		96E34D0E230C4E04002A31DB /* CalendarTableViewCell.swift */ = {isa = PBXFileReference; lastKnownFileType = sourcecode.swift; path = CalendarTableViewCell.swift; sourceTree = "<group>"; };
		96FCBFF22306EEF100A22E4E /* WelcomeViewController.swift */ = {isa = PBXFileReference; lastKnownFileType = sourcecode.swift; path = WelcomeViewController.swift; sourceTree = "<group>"; };
		96FCBFF423073CC200A22E4E /* CalendarViewController.swift */ = {isa = PBXFileReference; lastKnownFileType = sourcecode.swift; path = CalendarViewController.swift; sourceTree = "<group>"; };
		96FCBFF623074AAD00A22E4E /* SpinnerViewController.swift */ = {isa = PBXFileReference; lastKnownFileType = sourcecode.swift; path = SpinnerViewController.swift; sourceTree = "<group>"; };
		F1E83861E9959736F148E54F /* Pods_GraphTutorialUITests.framework */ = {isa = PBXFileReference; explicitFileType = wrapper.framework; includeInIndex = 0; path = Pods_GraphTutorialUITests.framework; sourceTree = BUILT_PRODUCTS_DIR; };
/* End PBXFileReference section */

/* Begin PBXFrameworksBuildPhase section */
		9673547D2306064F00DB3083 /* Frameworks */ = {
			isa = PBXFrameworksBuildPhase;
			buildActionMask = 2147483647;
			files = (
				1B0BF4608C461736F7ACE76F /* Pods_GraphTutorial.framework in Frameworks */,
			);
			runOnlyForDeploymentPostprocessing = 0;
		};
		967354912306065000DB3083 /* Frameworks */ = {
			isa = PBXFrameworksBuildPhase;
			buildActionMask = 2147483647;
			files = (
				AFC39416370CE0CE31B64593 /* Pods_GraphTutorialTests.framework in Frameworks */,
			);
			runOnlyForDeploymentPostprocessing = 0;
		};
		9673549C2306065000DB3083 /* Frameworks */ = {
			isa = PBXFrameworksBuildPhase;
			buildActionMask = 2147483647;
			files = (
				34964F0BE973494DBA316DDE /* Pods_GraphTutorialUITests.framework in Frameworks */,
			);
			runOnlyForDeploymentPostprocessing = 0;
		};
/* End PBXFrameworksBuildPhase section */

/* Begin PBXGroup section */
		962846B91C38ADA3B0DC58E7 /* Frameworks */ = {
			isa = PBXGroup;
			children = (
				0D519A0E9ECA2B5F3638185F /* Pods_GraphTutorial.framework */,
				3E5D1BBFE43CC4A971E7831C /* Pods_GraphTutorialTests.framework */,
				F1E83861E9959736F148E54F /* Pods_GraphTutorialUITests.framework */,
			);
			name = Frameworks;
			sourceTree = "<group>";
		};
		967354772306064F00DB3083 = {
			isa = PBXGroup;
			children = (
				967354822306064F00DB3083 /* GraphTutorial */,
				967354972306065000DB3083 /* GraphTutorialTests */,
				967354A22306065000DB3083 /* GraphTutorialUITests */,
				967354812306064F00DB3083 /* Products */,
				FD69FBCE29CDB1B1CBB80252 /* Pods */,
				962846B91C38ADA3B0DC58E7 /* Frameworks */,
			);
			sourceTree = "<group>";
		};
		967354812306064F00DB3083 /* Products */ = {
			isa = PBXGroup;
			children = (
				967354802306064F00DB3083 /* GraphTutorial.app */,
				967354942306065000DB3083 /* GraphTutorialTests.xctest */,
				9673549F2306065000DB3083 /* GraphTutorialUITests.xctest */,
			);
			name = Products;
			sourceTree = "<group>";
		};
		967354822306064F00DB3083 /* GraphTutorial */ = {
			isa = PBXGroup;
			children = (
				96B013CA237DE06800E728C0 /* GraphTutorial.entitlements */,
				967354832306064F00DB3083 /* AppDelegate.swift */,
				967354852306064F00DB3083 /* SignInViewController.swift */,
				967354872306064F00DB3083 /* Main.storyboard */,
				9673548A2306064F00DB3083 /* Assets.xcassets */,
				9673548C2306064F00DB3083 /* LaunchScreen.storyboard */,
				9673548F2306064F00DB3083 /* Info.plist */,
				96FCBFF22306EEF100A22E4E /* WelcomeViewController.swift */,
				96FCBFF423073CC200A22E4E /* CalendarViewController.swift */,
				96FCBFF623074AAD00A22E4E /* SpinnerViewController.swift */,
				96A6709A230B0C26001D4C34 /* AuthenticationManager.swift */,
				96D924E5230B308100B03E6F /* AuthSettings.plist */,
				96D924E7230B3CB800B03E6F /* GraphManager.swift */,
				96E34D0E230C4E04002A31DB /* CalendarTableViewCell.swift */,
			);
			path = GraphTutorial;
			sourceTree = "<group>";
		};
		967354972306065000DB3083 /* GraphTutorialTests */ = {
			isa = PBXGroup;
			children = (
				967354982306065000DB3083 /* GraphTutorialTests.swift */,
				9673549A2306065000DB3083 /* Info.plist */,
			);
			path = GraphTutorialTests;
			sourceTree = "<group>";
		};
		967354A22306065000DB3083 /* GraphTutorialUITests */ = {
			isa = PBXGroup;
			children = (
				967354A32306065000DB3083 /* GraphTutorialUITests.swift */,
				967354A52306065000DB3083 /* Info.plist */,
			);
			path = GraphTutorialUITests;
			sourceTree = "<group>";
		};
		FD69FBCE29CDB1B1CBB80252 /* Pods */ = {
			isa = PBXGroup;
			children = (
				63B79B579FA2AB5AAA2F208A /* Pods-GraphTutorial.debug.xcconfig */,
				7AFB2B75336E524CF415CF74 /* Pods-GraphTutorial.release.xcconfig */,
				8A62DC93CCE88F63A55A91C1 /* Pods-GraphTutorialTests.debug.xcconfig */,
				858DF0B273CBA9AC5EE7DF27 /* Pods-GraphTutorialTests.release.xcconfig */,
				01CA2DB6682D12C9BCE8D764 /* Pods-GraphTutorialUITests.debug.xcconfig */,
				6E1BD0DA6F6C85C28DB9DA47 /* Pods-GraphTutorialUITests.release.xcconfig */,
			);
			path = Pods;
			sourceTree = "<group>";
		};
/* End PBXGroup section */

/* Begin PBXNativeTarget section */
		9673547F2306064F00DB3083 /* GraphTutorial */ = {
			isa = PBXNativeTarget;
			buildConfigurationList = 967354A82306065000DB3083 /* Build configuration list for PBXNativeTarget "GraphTutorial" */;
			buildPhases = (
				DB4BFABF7803B5AEC8BAFB29 /* [CP] Check Pods Manifest.lock */,
				9673547C2306064F00DB3083 /* Sources */,
				9673547D2306064F00DB3083 /* Frameworks */,
				9673547E2306064F00DB3083 /* Resources */,
				850B009C206D52768C8D8D37 /* [CP] Embed Pods Frameworks */,
			);
			buildRules = (
			);
			dependencies = (
			);
			name = GraphTutorial;
			productName = GraphTutorial;
			productReference = 967354802306064F00DB3083 /* GraphTutorial.app */;
			productType = "com.apple.product-type.application";
		};
		967354932306065000DB3083 /* GraphTutorialTests */ = {
			isa = PBXNativeTarget;
			buildConfigurationList = 967354AB2306065000DB3083 /* Build configuration list for PBXNativeTarget "GraphTutorialTests" */;
			buildPhases = (
				48885F3EADF62F44B70D0EE0 /* [CP] Check Pods Manifest.lock */,
				967354902306065000DB3083 /* Sources */,
				967354912306065000DB3083 /* Frameworks */,
				967354922306065000DB3083 /* Resources */,
			);
			buildRules = (
			);
			dependencies = (
				967354962306065000DB3083 /* PBXTargetDependency */,
			);
			name = GraphTutorialTests;
			productName = GraphTutorialTests;
			productReference = 967354942306065000DB3083 /* GraphTutorialTests.xctest */;
			productType = "com.apple.product-type.bundle.unit-test";
		};
		9673549E2306065000DB3083 /* GraphTutorialUITests */ = {
			isa = PBXNativeTarget;
			buildConfigurationList = 967354AE2306065000DB3083 /* Build configuration list for PBXNativeTarget "GraphTutorialUITests" */;
			buildPhases = (
				FE71C7259AA2AAB3F844197A /* [CP] Check Pods Manifest.lock */,
				9673549B2306065000DB3083 /* Sources */,
				9673549C2306065000DB3083 /* Frameworks */,
				9673549D2306065000DB3083 /* Resources */,
			);
			buildRules = (
			);
			dependencies = (
				967354A12306065000DB3083 /* PBXTargetDependency */,
			);
			name = GraphTutorialUITests;
			productName = GraphTutorialUITests;
			productReference = 9673549F2306065000DB3083 /* GraphTutorialUITests.xctest */;
			productType = "com.apple.product-type.bundle.ui-testing";
		};
/* End PBXNativeTarget section */

/* Begin PBXProject section */
		967354782306064F00DB3083 /* Project object */ = {
			isa = PBXProject;
			attributes = {
				LastSwiftUpdateCheck = 1030;
				LastUpgradeCheck = 1030;
				ORGANIZATIONNAME = "Jason Johnston";
				TargetAttributes = {
					9673547F2306064F00DB3083 = {
						CreatedOnToolsVersion = 10.3;
					};
					967354932306065000DB3083 = {
						CreatedOnToolsVersion = 10.3;
						TestTargetID = 9673547F2306064F00DB3083;
					};
					9673549E2306065000DB3083 = {
						CreatedOnToolsVersion = 10.3;
						TestTargetID = 9673547F2306064F00DB3083;
					};
				};
			};
			buildConfigurationList = 9673547B2306064F00DB3083 /* Build configuration list for PBXProject "GraphTutorial" */;
			compatibilityVersion = "Xcode 9.3";
			developmentRegion = en;
			hasScannedForEncodings = 0;
			knownRegions = (
				en,
				Base,
			);
			mainGroup = 967354772306064F00DB3083;
			productRefGroup = 967354812306064F00DB3083 /* Products */;
			projectDirPath = "";
			projectRoot = "";
			targets = (
				9673547F2306064F00DB3083 /* GraphTutorial */,
				967354932306065000DB3083 /* GraphTutorialTests */,
				9673549E2306065000DB3083 /* GraphTutorialUITests */,
			);
		};
/* End PBXProject section */

/* Begin PBXResourcesBuildPhase section */
		9673547E2306064F00DB3083 /* Resources */ = {
			isa = PBXResourcesBuildPhase;
			buildActionMask = 2147483647;
			files = (
				9673548E2306064F00DB3083 /* LaunchScreen.storyboard in Resources */,
				9673548B2306064F00DB3083 /* Assets.xcassets in Resources */,
				967354892306064F00DB3083 /* Main.storyboard in Resources */,
				96D924E6230B308100B03E6F /* AuthSettings.plist in Resources */,
			);
			runOnlyForDeploymentPostprocessing = 0;
		};
		967354922306065000DB3083 /* Resources */ = {
			isa = PBXResourcesBuildPhase;
			buildActionMask = 2147483647;
			files = (
			);
			runOnlyForDeploymentPostprocessing = 0;
		};
		9673549D2306065000DB3083 /* Resources */ = {
			isa = PBXResourcesBuildPhase;
			buildActionMask = 2147483647;
			files = (
			);
			runOnlyForDeploymentPostprocessing = 0;
		};
/* End PBXResourcesBuildPhase section */

/* Begin PBXShellScriptBuildPhase section */
		48885F3EADF62F44B70D0EE0 /* [CP] Check Pods Manifest.lock */ = {
			isa = PBXShellScriptBuildPhase;
			buildActionMask = 2147483647;
			files = (
			);
			inputFileListPaths = (
			);
			inputPaths = (
				"${PODS_PODFILE_DIR_PATH}/Podfile.lock",
				"${PODS_ROOT}/Manifest.lock",
			);
			name = "[CP] Check Pods Manifest.lock";
			outputFileListPaths = (
			);
			outputPaths = (
				"$(DERIVED_FILE_DIR)/Pods-GraphTutorialTests-checkManifestLockResult.txt",
			);
			runOnlyForDeploymentPostprocessing = 0;
			shellPath = /bin/sh;
			shellScript = "diff \"${PODS_PODFILE_DIR_PATH}/Podfile.lock\" \"${PODS_ROOT}/Manifest.lock\" > /dev/null\nif [ $? != 0 ] ; then\n    # print error to STDERR\n    echo \"error: The sandbox is not in sync with the Podfile.lock. Run 'pod install' or update your CocoaPods installation.\" >&2\n    exit 1\nfi\n# This output is used by Xcode 'outputs' to avoid re-running this script phase.\necho \"SUCCESS\" > \"${SCRIPT_OUTPUT_FILE_0}\"\n";
			showEnvVarsInLog = 0;
		};
		850B009C206D52768C8D8D37 /* [CP] Embed Pods Frameworks */ = {
			isa = PBXShellScriptBuildPhase;
			buildActionMask = 2147483647;
			files = (
			);
			inputFileListPaths = (
				"${PODS_ROOT}/Target Support Files/Pods-GraphTutorial/Pods-GraphTutorial-frameworks-${CONFIGURATION}-input-files.xcfilelist",
			);
			name = "[CP] Embed Pods Frameworks";
			outputFileListPaths = (
				"${PODS_ROOT}/Target Support Files/Pods-GraphTutorial/Pods-GraphTutorial-frameworks-${CONFIGURATION}-output-files.xcfilelist",
			);
			runOnlyForDeploymentPostprocessing = 0;
			shellPath = /bin/sh;
			shellScript = "\"${PODS_ROOT}/Target Support Files/Pods-GraphTutorial/Pods-GraphTutorial-frameworks.sh\"\n";
			showEnvVarsInLog = 0;
		};
		DB4BFABF7803B5AEC8BAFB29 /* [CP] Check Pods Manifest.lock */ = {
			isa = PBXShellScriptBuildPhase;
			buildActionMask = 2147483647;
			files = (
			);
			inputFileListPaths = (
			);
			inputPaths = (
				"${PODS_PODFILE_DIR_PATH}/Podfile.lock",
				"${PODS_ROOT}/Manifest.lock",
			);
			name = "[CP] Check Pods Manifest.lock";
			outputFileListPaths = (
			);
			outputPaths = (
				"$(DERIVED_FILE_DIR)/Pods-GraphTutorial-checkManifestLockResult.txt",
			);
			runOnlyForDeploymentPostprocessing = 0;
			shellPath = /bin/sh;
			shellScript = "diff \"${PODS_PODFILE_DIR_PATH}/Podfile.lock\" \"${PODS_ROOT}/Manifest.lock\" > /dev/null\nif [ $? != 0 ] ; then\n    # print error to STDERR\n    echo \"error: The sandbox is not in sync with the Podfile.lock. Run 'pod install' or update your CocoaPods installation.\" >&2\n    exit 1\nfi\n# This output is used by Xcode 'outputs' to avoid re-running this script phase.\necho \"SUCCESS\" > \"${SCRIPT_OUTPUT_FILE_0}\"\n";
			showEnvVarsInLog = 0;
		};
		FE71C7259AA2AAB3F844197A /* [CP] Check Pods Manifest.lock */ = {
			isa = PBXShellScriptBuildPhase;
			buildActionMask = 2147483647;
			files = (
			);
			inputFileListPaths = (
			);
			inputPaths = (
				"${PODS_PODFILE_DIR_PATH}/Podfile.lock",
				"${PODS_ROOT}/Manifest.lock",
			);
			name = "[CP] Check Pods Manifest.lock";
			outputFileListPaths = (
			);
			outputPaths = (
				"$(DERIVED_FILE_DIR)/Pods-GraphTutorialUITests-checkManifestLockResult.txt",
			);
			runOnlyForDeploymentPostprocessing = 0;
			shellPath = /bin/sh;
			shellScript = "diff \"${PODS_PODFILE_DIR_PATH}/Podfile.lock\" \"${PODS_ROOT}/Manifest.lock\" > /dev/null\nif [ $? != 0 ] ; then\n    # print error to STDERR\n    echo \"error: The sandbox is not in sync with the Podfile.lock. Run 'pod install' or update your CocoaPods installation.\" >&2\n    exit 1\nfi\n# This output is used by Xcode 'outputs' to avoid re-running this script phase.\necho \"SUCCESS\" > \"${SCRIPT_OUTPUT_FILE_0}\"\n";
			showEnvVarsInLog = 0;
		};
/* End PBXShellScriptBuildPhase section */

/* Begin PBXSourcesBuildPhase section */
		9673547C2306064F00DB3083 /* Sources */ = {
			isa = PBXSourcesBuildPhase;
			buildActionMask = 2147483647;
			files = (
				96FCBFF523073CC200A22E4E /* CalendarViewController.swift in Sources */,
				96FCBFF32306EEF100A22E4E /* WelcomeViewController.swift in Sources */,
				967354862306064F00DB3083 /* SignInViewController.swift in Sources */,
				96E34D0F230C4E04002A31DB /* CalendarTableViewCell.swift in Sources */,
				96A6709B230B0C26001D4C34 /* AuthenticationManager.swift in Sources */,
				967354842306064F00DB3083 /* AppDelegate.swift in Sources */,
				96FCBFF723074AAD00A22E4E /* SpinnerViewController.swift in Sources */,
				96D924E8230B3CB800B03E6F /* GraphManager.swift in Sources */,
			);
			runOnlyForDeploymentPostprocessing = 0;
		};
		967354902306065000DB3083 /* Sources */ = {
			isa = PBXSourcesBuildPhase;
			buildActionMask = 2147483647;
			files = (
				967354992306065000DB3083 /* GraphTutorialTests.swift in Sources */,
			);
			runOnlyForDeploymentPostprocessing = 0;
		};
		9673549B2306065000DB3083 /* Sources */ = {
			isa = PBXSourcesBuildPhase;
			buildActionMask = 2147483647;
			files = (
				967354A42306065000DB3083 /* GraphTutorialUITests.swift in Sources */,
			);
			runOnlyForDeploymentPostprocessing = 0;
		};
/* End PBXSourcesBuildPhase section */

/* Begin PBXTargetDependency section */
		967354962306065000DB3083 /* PBXTargetDependency */ = {
			isa = PBXTargetDependency;
			target = 9673547F2306064F00DB3083 /* GraphTutorial */;
			targetProxy = 967354952306065000DB3083 /* PBXContainerItemProxy */;
		};
		967354A12306065000DB3083 /* PBXTargetDependency */ = {
			isa = PBXTargetDependency;
			target = 9673547F2306064F00DB3083 /* GraphTutorial */;
			targetProxy = 967354A02306065000DB3083 /* PBXContainerItemProxy */;
		};
/* End PBXTargetDependency section */

/* Begin PBXVariantGroup section */
		967354872306064F00DB3083 /* Main.storyboard */ = {
			isa = PBXVariantGroup;
			children = (
				967354882306064F00DB3083 /* Base */,
			);
			name = Main.storyboard;
			sourceTree = "<group>";
		};
		9673548C2306064F00DB3083 /* LaunchScreen.storyboard */ = {
			isa = PBXVariantGroup;
			children = (
				9673548D2306064F00DB3083 /* Base */,
			);
			name = LaunchScreen.storyboard;
			sourceTree = "<group>";
		};
/* End PBXVariantGroup section */

/* Begin XCBuildConfiguration section */
		967354A62306065000DB3083 /* Debug */ = {
			isa = XCBuildConfiguration;
			buildSettings = {
				ALWAYS_SEARCH_USER_PATHS = NO;
				CLANG_ANALYZER_NONNULL = YES;
				CLANG_ANALYZER_NUMBER_OBJECT_CONVERSION = YES_AGGRESSIVE;
				CLANG_CXX_LANGUAGE_STANDARD = "gnu++14";
				CLANG_CXX_LIBRARY = "libc++";
				CLANG_ENABLE_MODULES = YES;
				CLANG_ENABLE_OBJC_ARC = YES;
				CLANG_ENABLE_OBJC_WEAK = YES;
				CLANG_WARN_BLOCK_CAPTURE_AUTORELEASING = YES;
				CLANG_WARN_BOOL_CONVERSION = YES;
				CLANG_WARN_COMMA = YES;
				CLANG_WARN_CONSTANT_CONVERSION = YES;
				CLANG_WARN_DEPRECATED_OBJC_IMPLEMENTATIONS = YES;
				CLANG_WARN_DIRECT_OBJC_ISA_USAGE = YES_ERROR;
				CLANG_WARN_DOCUMENTATION_COMMENTS = YES;
				CLANG_WARN_EMPTY_BODY = YES;
				CLANG_WARN_ENUM_CONVERSION = YES;
				CLANG_WARN_INFINITE_RECURSION = YES;
				CLANG_WARN_INT_CONVERSION = YES;
				CLANG_WARN_NON_LITERAL_NULL_CONVERSION = YES;
				CLANG_WARN_OBJC_IMPLICIT_RETAIN_SELF = YES;
				CLANG_WARN_OBJC_LITERAL_CONVERSION = YES;
				CLANG_WARN_OBJC_ROOT_CLASS = YES_ERROR;
				CLANG_WARN_RANGE_LOOP_ANALYSIS = YES;
				CLANG_WARN_STRICT_PROTOTYPES = YES;
				CLANG_WARN_SUSPICIOUS_MOVE = YES;
				CLANG_WARN_UNGUARDED_AVAILABILITY = YES_AGGRESSIVE;
				CLANG_WARN_UNREACHABLE_CODE = YES;
				CLANG_WARN__DUPLICATE_METHOD_MATCH = YES;
				CODE_SIGN_IDENTITY = "iPhone Developer";
				COPY_PHASE_STRIP = NO;
				DEBUG_INFORMATION_FORMAT = dwarf;
				ENABLE_STRICT_OBJC_MSGSEND = YES;
				ENABLE_TESTABILITY = YES;
				GCC_C_LANGUAGE_STANDARD = gnu11;
				GCC_DYNAMIC_NO_PIC = NO;
				GCC_NO_COMMON_BLOCKS = YES;
				GCC_OPTIMIZATION_LEVEL = 0;
				GCC_PREPROCESSOR_DEFINITIONS = (
					"DEBUG=1",
					"$(inherited)",
				);
				GCC_WARN_64_TO_32_BIT_CONVERSION = YES;
				GCC_WARN_ABOUT_RETURN_TYPE = YES_ERROR;
				GCC_WARN_UNDECLARED_SELECTOR = YES;
				GCC_WARN_UNINITIALIZED_AUTOS = YES_AGGRESSIVE;
				GCC_WARN_UNUSED_FUNCTION = YES;
				GCC_WARN_UNUSED_VARIABLE = YES;
				IPHONEOS_DEPLOYMENT_TARGET = 12.4;
				MTL_ENABLE_DEBUG_INFO = INCLUDE_SOURCE;
				MTL_FAST_MATH = YES;
				ONLY_ACTIVE_ARCH = YES;
				SDKROOT = iphoneos;
				SWIFT_ACTIVE_COMPILATION_CONDITIONS = DEBUG;
				SWIFT_OPTIMIZATION_LEVEL = "-Onone";
			};
			name = Debug;
		};
		967354A72306065000DB3083 /* Release */ = {
			isa = XCBuildConfiguration;
			buildSettings = {
				ALWAYS_SEARCH_USER_PATHS = NO;
				CLANG_ANALYZER_NONNULL = YES;
				CLANG_ANALYZER_NUMBER_OBJECT_CONVERSION = YES_AGGRESSIVE;
				CLANG_CXX_LANGUAGE_STANDARD = "gnu++14";
				CLANG_CXX_LIBRARY = "libc++";
				CLANG_ENABLE_MODULES = YES;
				CLANG_ENABLE_OBJC_ARC = YES;
				CLANG_ENABLE_OBJC_WEAK = YES;
				CLANG_WARN_BLOCK_CAPTURE_AUTORELEASING = YES;
				CLANG_WARN_BOOL_CONVERSION = YES;
				CLANG_WARN_COMMA = YES;
				CLANG_WARN_CONSTANT_CONVERSION = YES;
				CLANG_WARN_DEPRECATED_OBJC_IMPLEMENTATIONS = YES;
				CLANG_WARN_DIRECT_OBJC_ISA_USAGE = YES_ERROR;
				CLANG_WARN_DOCUMENTATION_COMMENTS = YES;
				CLANG_WARN_EMPTY_BODY = YES;
				CLANG_WARN_ENUM_CONVERSION = YES;
				CLANG_WARN_INFINITE_RECURSION = YES;
				CLANG_WARN_INT_CONVERSION = YES;
				CLANG_WARN_NON_LITERAL_NULL_CONVERSION = YES;
				CLANG_WARN_OBJC_IMPLICIT_RETAIN_SELF = YES;
				CLANG_WARN_OBJC_LITERAL_CONVERSION = YES;
				CLANG_WARN_OBJC_ROOT_CLASS = YES_ERROR;
				CLANG_WARN_RANGE_LOOP_ANALYSIS = YES;
				CLANG_WARN_STRICT_PROTOTYPES = YES;
				CLANG_WARN_SUSPICIOUS_MOVE = YES;
				CLANG_WARN_UNGUARDED_AVAILABILITY = YES_AGGRESSIVE;
				CLANG_WARN_UNREACHABLE_CODE = YES;
				CLANG_WARN__DUPLICATE_METHOD_MATCH = YES;
				CODE_SIGN_IDENTITY = "iPhone Developer";
				COPY_PHASE_STRIP = NO;
				DEBUG_INFORMATION_FORMAT = "dwarf-with-dsym";
				ENABLE_NS_ASSERTIONS = NO;
				ENABLE_STRICT_OBJC_MSGSEND = YES;
				GCC_C_LANGUAGE_STANDARD = gnu11;
				GCC_NO_COMMON_BLOCKS = YES;
				GCC_WARN_64_TO_32_BIT_CONVERSION = YES;
				GCC_WARN_ABOUT_RETURN_TYPE = YES_ERROR;
				GCC_WARN_UNDECLARED_SELECTOR = YES;
				GCC_WARN_UNINITIALIZED_AUTOS = YES_AGGRESSIVE;
				GCC_WARN_UNUSED_FUNCTION = YES;
				GCC_WARN_UNUSED_VARIABLE = YES;
				IPHONEOS_DEPLOYMENT_TARGET = 12.4;
				MTL_ENABLE_DEBUG_INFO = NO;
				MTL_FAST_MATH = YES;
				SDKROOT = iphoneos;
				SWIFT_COMPILATION_MODE = wholemodule;
				SWIFT_OPTIMIZATION_LEVEL = "-O";
				VALIDATE_PRODUCT = YES;
			};
			name = Release;
		};
		967354A92306065000DB3083 /* Debug */ = {
			isa = XCBuildConfiguration;
			baseConfigurationReference = 63B79B579FA2AB5AAA2F208A /* Pods-GraphTutorial.debug.xcconfig */;
			buildSettings = {
				ASSETCATALOG_COMPILER_APPICON_NAME = AppIcon;
				CODE_SIGN_ENTITLEMENTS = GraphTutorial/GraphTutorial.entitlements;
				CODE_SIGN_STYLE = Automatic;
				DEVELOPMENT_TEAM = 627WDN8ZS4;
				INFOPLIST_FILE = GraphTutorial/Info.plist;
				LD_RUNPATH_SEARCH_PATHS = (
					"$(inherited)",
					"@executable_path/Frameworks",
				);
				PRODUCT_BUNDLE_IDENTIFIER = com.contoso.GraphTutorial;
				PRODUCT_NAME = "$(TARGET_NAME)";
				SWIFT_VERSION = 5.0;
				TARGETED_DEVICE_FAMILY = "1,2";
			};
			name = Debug;
		};
		967354AA2306065000DB3083 /* Release */ = {
			isa = XCBuildConfiguration;
			baseConfigurationReference = 7AFB2B75336E524CF415CF74 /* Pods-GraphTutorial.release.xcconfig */;
			buildSettings = {
				ASSETCATALOG_COMPILER_APPICON_NAME = AppIcon;
				CODE_SIGN_ENTITLEMENTS = GraphTutorial/GraphTutorial.entitlements;
				CODE_SIGN_STYLE = Automatic;
				DEVELOPMENT_TEAM = 627WDN8ZS4;
				INFOPLIST_FILE = GraphTutorial/Info.plist;
				LD_RUNPATH_SEARCH_PATHS = (
					"$(inherited)",
					"@executable_path/Frameworks",
				);
				PRODUCT_BUNDLE_IDENTIFIER = com.contoso.GraphTutorial;
				PRODUCT_NAME = "$(TARGET_NAME)";
				SWIFT_VERSION = 5.0;
				TARGETED_DEVICE_FAMILY = "1,2";
			};
			name = Release;
		};
		967354AC2306065000DB3083 /* Debug */ = {
			isa = XCBuildConfiguration;
			baseConfigurationReference = 8A62DC93CCE88F63A55A91C1 /* Pods-GraphTutorialTests.debug.xcconfig */;
			buildSettings = {
				ALWAYS_EMBED_SWIFT_STANDARD_LIBRARIES = YES;
				BUNDLE_LOADER = "$(TEST_HOST)";
				CODE_SIGN_STYLE = Automatic;
				DEVELOPMENT_TEAM = 627WDN8ZS4;
				INFOPLIST_FILE = GraphTutorialTests/Info.plist;
				LD_RUNPATH_SEARCH_PATHS = (
					"$(inherited)",
					"@executable_path/Frameworks",
					"@loader_path/Frameworks",
				);
				PRODUCT_BUNDLE_IDENTIFIER = com.contoso.GraphTutorialTests;
				PRODUCT_NAME = "$(TARGET_NAME)";
				SWIFT_VERSION = 5.0;
				TARGETED_DEVICE_FAMILY = "1,2";
				TEST_HOST = "$(BUILT_PRODUCTS_DIR)/GraphTutorial.app/GraphTutorial";
			};
			name = Debug;
		};
		967354AD2306065000DB3083 /* Release */ = {
			isa = XCBuildConfiguration;
			baseConfigurationReference = 858DF0B273CBA9AC5EE7DF27 /* Pods-GraphTutorialTests.release.xcconfig */;
			buildSettings = {
				ALWAYS_EMBED_SWIFT_STANDARD_LIBRARIES = YES;
				BUNDLE_LOADER = "$(TEST_HOST)";
				CODE_SIGN_STYLE = Automatic;
				DEVELOPMENT_TEAM = 627WDN8ZS4;
				INFOPLIST_FILE = GraphTutorialTests/Info.plist;
				LD_RUNPATH_SEARCH_PATHS = (
					"$(inherited)",
					"@executable_path/Frameworks",
					"@loader_path/Frameworks",
				);
				PRODUCT_BUNDLE_IDENTIFIER = com.contoso.GraphTutorialTests;
				PRODUCT_NAME = "$(TARGET_NAME)";
				SWIFT_VERSION = 5.0;
				TARGETED_DEVICE_FAMILY = "1,2";
				TEST_HOST = "$(BUILT_PRODUCTS_DIR)/GraphTutorial.app/GraphTutorial";
			};
			name = Release;
		};
		967354AF2306065000DB3083 /* Debug */ = {
			isa = XCBuildConfiguration;
			baseConfigurationReference = 01CA2DB6682D12C9BCE8D764 /* Pods-GraphTutorialUITests.debug.xcconfig */;
			buildSettings = {
				ALWAYS_EMBED_SWIFT_STANDARD_LIBRARIES = YES;
				CODE_SIGN_STYLE = Automatic;
				DEVELOPMENT_TEAM = 627WDN8ZS4;
				INFOPLIST_FILE = GraphTutorialUITests/Info.plist;
				LD_RUNPATH_SEARCH_PATHS = (
					"$(inherited)",
					"@executable_path/Frameworks",
					"@loader_path/Frameworks",
				);
				PRODUCT_BUNDLE_IDENTIFIER = com.contoso.GraphTutorialUITests;
				PRODUCT_NAME = "$(TARGET_NAME)";
				SWIFT_VERSION = 5.0;
				TARGETED_DEVICE_FAMILY = "1,2";
				TEST_TARGET_NAME = GraphTutorial;
			};
			name = Debug;
		};
		967354B02306065000DB3083 /* Release */ = {
			isa = XCBuildConfiguration;
			baseConfigurationReference = 6E1BD0DA6F6C85C28DB9DA47 /* Pods-GraphTutorialUITests.release.xcconfig */;
			buildSettings = {
				ALWAYS_EMBED_SWIFT_STANDARD_LIBRARIES = YES;
				CODE_SIGN_STYLE = Automatic;
				DEVELOPMENT_TEAM = 627WDN8ZS4;
				INFOPLIST_FILE = GraphTutorialUITests/Info.plist;
				LD_RUNPATH_SEARCH_PATHS = (
					"$(inherited)",
					"@executable_path/Frameworks",
					"@loader_path/Frameworks",
				);
				PRODUCT_BUNDLE_IDENTIFIER = com.contoso.GraphTutorialUITests;
				PRODUCT_NAME = "$(TARGET_NAME)";
				SWIFT_VERSION = 5.0;
				TARGETED_DEVICE_FAMILY = "1,2";
				TEST_TARGET_NAME = GraphTutorial;
			};
			name = Release;
		};
/* End XCBuildConfiguration section */

/* Begin XCConfigurationList section */
		9673547B2306064F00DB3083 /* Build configuration list for PBXProject "GraphTutorial" */ = {
			isa = XCConfigurationList;
			buildConfigurations = (
				967354A62306065000DB3083 /* Debug */,
				967354A72306065000DB3083 /* Release */,
			);
			defaultConfigurationIsVisible = 0;
			defaultConfigurationName = Release;
		};
		967354A82306065000DB3083 /* Build configuration list for PBXNativeTarget "GraphTutorial" */ = {
			isa = XCConfigurationList;
			buildConfigurations = (
				967354A92306065000DB3083 /* Debug */,
				967354AA2306065000DB3083 /* Release */,
			);
			defaultConfigurationIsVisible = 0;
			defaultConfigurationName = Release;
		};
		967354AB2306065000DB3083 /* Build configuration list for PBXNativeTarget "GraphTutorialTests" */ = {
			isa = XCConfigurationList;
			buildConfigurations = (
				967354AC2306065000DB3083 /* Debug */,
				967354AD2306065000DB3083 /* Release */,
			);
			defaultConfigurationIsVisible = 0;
			defaultConfigurationName = Release;
		};
		967354AE2306065000DB3083 /* Build configuration list for PBXNativeTarget "GraphTutorialUITests" */ = {
			isa = XCConfigurationList;
			buildConfigurations = (
				967354AF2306065000DB3083 /* Debug */,
				967354B02306065000DB3083 /* Release */,
			);
			defaultConfigurationIsVisible = 0;
			defaultConfigurationName = Release;
		};
/* End XCConfigurationList section */
	};
	rootObject = 967354782306064F00DB3083 /* Project object */;
}
